
Microsoft Visual Studio Solution File, Format Version 12.00
# Visual Studio 2013
VisualStudioVersion = 12.0.30723.0
MinimumVisualStudioVersion = 10.0.40219.1
Project("{FAE04EC0-301F-11D3-BF4B-00C04F79EFBC}") = "dms-js", "dms-js.csproj", "{CFD1BB6B-AC37-4421-A725-A68BF77E1FA5}"
EndProject
Project("{2150E333-8FDC-42A3-9474-1A3956D46DE8}") = "Solution Items", "Solution Items", "{E557EE4F-2677-4436-A73B-5B87EFA92808}"
	ProjectSection(SolutionItems) = preProject
		LICENSE = LICENSE
		README.md = README.md
	EndProjectSection
EndProject
Global
	GlobalSection(SolutionConfigurationPlatforms) = preSolution
		Debug|Any CPU = Debug|Any CPU
		Release|Any CPU = Release|Any CPU
	EndGlobalSection
	GlobalSection(ProjectConfigurationPlatforms) = postSolution
		{CFD1BB6B-AC37-4421-A725-A68BF77E1FA5}.Debug|Any CPU.ActiveCfg = Debug|Any CPU
		{CFD1BB6B-AC37-4421-A725-A68BF77E1FA5}.Debug|Any CPU.Build.0 = Debug|Any CPU
		{CFD1BB6B-AC37-4421-A725-A68BF77E1FA5}.Release|Any CPU.ActiveCfg = Release|Any CPU
		{CFD1BB6B-AC37-4421-A725-A68BF77E1FA5}.Release|Any CPU.Build.0 = Release|Any CPU
	EndGlobalSection
	GlobalSection(SolutionProperties) = preSolution
		HideSolutionNode = FALSE
	EndGlobalSection
EndGlobal
